<?xml version="1.0" encoding="utf-8"?>
<Project ToolsVersion="4.0" xmlns="http://schemas.microsoft.com/developer/msbuild/2003">
  <ItemGroup>
    <Filter Include="Fichiers sources">
      <UniqueIdentifier>{4FC737F1-C7A5-4376-A066-2A32D752A2FF}</UniqueIdentifier>
      <Extensions>cpp;c;cc;cxx;c++;cppm;ixx;def;odl;idl;hpj;bat;asm;asmx</Extensions>
    </Filter>
    <Filter Include="Fichiers d%27en-tête">
      <UniqueIdentifier>{93995380-89BD-4b04-88EB-625FBE52EBFB}</UniqueIdentifier>
      <Extensions>h;hh;hpp;hxx;h++;hm;inl;inc;ipp;xsd</Extensions>
    </Filter>
    <Filter Include="Fichiers de ressources">
      <UniqueIdentifier>{67DA6AB6-F800-4c08-8B7A-83BB121AAD01}</UniqueIdentifier>
      <Extensions>rc;ico;cur;bmp;dlg;rc2;rct;bin;rgs;gif;jpg;jpeg;jpe;resx;tiff;tif;png;wav;mfcribbon-ms</Extensions>
    </Filter>
    <Filter Include="Fichiers d%27en-tête\Component">
      <UniqueIdentifier>{a52e5388-6379-4ecc-a621-48cc5cb565c6}</UniqueIdentifier>
    </Filter>
    <Filter Include="Fichiers d%27en-tête\Managers">
      <UniqueIdentifier>{39708753-8c20-44f8-9a11-36f6783d7a19}</UniqueIdentifier>
    </Filter>
    <Filter Include="Fichiers sources\Managers">
      <UniqueIdentifier>{708adff9-8501-4e14-ab30-8956e8c688e1}</UniqueIdentifier>
    </Filter>
    <Filter Include="Fichiers sources\Component">
      <UniqueIdentifier>{741c6c82-49fc-4da9-b852-9d7ff7f8d762}</UniqueIdentifier>
    </Filter>
  </ItemGroup>
  <ItemGroup>
    <ClCompile Include="Main.cpp">
      <Filter>Fichiers sources</Filter>
    </ClCompile>
    <ClCompile Include="Component.cpp">
      <Filter>Fichiers sources</Filter>
    </ClCompile>
    <ClCompile Include="Engine.cpp">
      <Filter>Fichiers sources</Filter>
    </ClCompile>
    <ClCompile Include="GameObject.cpp">
      <Filter>Fichiers sources</Filter>
    </ClCompile>
    <ClCompile Include="Scene.cpp">
      <Filter>Fichiers sources</Filter>
    </ClCompile>
    <ClCompile Include="Manager.cpp">
      <Filter>Fichiers sources</Filter>
    </ClCompile>
    <ClCompile Include="SceneManager.cpp">
      <Filter>Fichiers sources\Managers</Filter>
    </ClCompile>
    <ClCompile Include="PrefabManager.cpp">
      <Filter>Fichiers sources\Managers</Filter>
    </ClCompile>
    <ClCompile Include="Prefab.cpp">
      <Filter>Fichiers sources</Filter>
    </ClCompile>
    <ClCompile Include="Manager.cpp">
      <Filter>Fichiers sources</Filter>
    </ClCompile>
    <ClCompile Include="PrefabManager.cpp">
      <Filter>Fichiers sources</Filter>
    </ClCompile>
    <ClCompile Include="ScriptUser.cpp">
      <Filter>Fichiers sources</Filter>
    </ClCompile>
    <ClCompile Include="ScriptManager.cpp">
      <Filter>Fichiers sources\Managers</Filter>
    </ClCompile>
    <ClCompile Include="ScriptingComponent.cpp">
      <Filter>Fichiers sources\Component</Filter>
    </ClCompile>
    <ClCompile Include="Transform.cpp">
      <Filter>Fichiers sources\Component</Filter>
    </ClCompile>
    <ClCompile Include="Script.cpp">
      <Filter>Fichiers sources</Filter>
    </ClCompile>
    <ClCompile Include="InputManager.cpp">
      <Filter>Fichiers sources</Filter>
    </ClCompile>
  </ItemGroup>
  <ItemGroup>
    <Text Include="SimpleVertexShader.MIKU" />
    <Text Include="SimpleFragmentShader.VALORANT" />
  </ItemGroup>
  <ItemGroup>
    <ClInclude Include="Component.h">
      <Filter>Fichiers d%27en-tête</Filter>
    </ClInclude>
    <ClInclude Include="GameObject.h">
      <Filter>Fichiers d%27en-tête</Filter>
    </ClInclude>
    <ClInclude Include="Transform.h">
      <Filter>Fichiers d%27en-tête\Component</Filter>
    </ClInclude>
    <ClInclude Include="Debug.h">
      <Filter>Fichiers d%27en-tête</Filter>
    </ClInclude>
    <ClInclude Include="Engine.h">
      <Filter>Fichiers d%27en-tête</Filter>
    </ClInclude>
    <ClInclude Include="Scene.h">
      <Filter>Fichiers d%27en-tête</Filter>
    </ClInclude>
    <ClInclude Include="ScriptingComponent.h">
      <Filter>Fichiers d%27en-tête\Component</Filter>
    </ClInclude>
    <ClInclude Include="Manager.h">
      <Filter>Fichiers d%27en-tête</Filter>
    </ClInclude>
    <ClInclude Include="SceneManager.h">
      <Filter>Fichiers d%27en-tête\Managers</Filter>
    </ClInclude>
    <ClInclude Include="PrefabManager.h">
      <Filter>Fichiers d%27en-tête\Managers</Filter>
    </ClInclude>
    <ClInclude Include="Prefab.h">
      <Filter>Fichiers d%27en-tête</Filter>
    </ClInclude>
    <ClInclude Include="ScriptManager.h">
      <Filter>Fichiers d%27en-tête\Managers</Filter>
    </ClInclude>
    <ClInclude Include="Script.h">
      <Filter>Fichiers d%27en-tête</Filter>
    </ClInclude>
    <ClInclude Include="InputManager.h">
      <Filter>Fichiers d%27en-tête</Filter>
    </ClInclude>
  </ItemGroup>
  <ItemGroup>
    <None Include="Manager.inl" />
    <None Include="Nomenclature.clang-format" />
    <None Include="Manager.inl">
      <Filter>Fichiers d%27en-tête\Managers</Filter>
    </None>
    <None Include="GameObject.inl">
      <Filter>Fichiers d%27en-tête</Filter>
    </None>
  </ItemGroup>
</Project>