
Microsoft Visual Studio Solution File, Format Version 12.00
# Visual Studio Version 17
VisualStudioVersion = 17.7.34202.233
MinimumVisualStudioVersion = 10.0.40219.1
Project("{8BC9CEB8-8B4A-11D0-8D11-00A0C91BC942}") = "Client2test", "Client2test\Client2test.vcxproj", "{E82196E3-467E-47BD-BEEF-B8F8EE7C11B8}"
EndProject
Global
	GlobalSection(SolutionConfigurationPlatforms) = preSolution
		Debug|x64 = Debug|x64
		Debug|x86 = Debug|x86
		Release|x64 = Release|x64
		Release|x86 = Release|x86
	EndGlobalSection
	GlobalSection(ProjectConfigurationPlatforms) = postSolution
		{E82196E3-467E-47BD-BEEF-B8F8EE7C11B8}.Debug|x64.ActiveCfg = Debug|x64
		{E82196E3-467E-47BD-BEEF-B8F8EE7C11B8}.Debug|x64.Build.0 = Debug|x64
		{E82196E3-467E-47BD-BEEF-B8F8EE7C11B8}.Debug|x86.ActiveCfg = Debug|Win32
		{E82196E3-467E-47BD-BEEF-B8F8EE7C11B8}.Debug|x86.Build.0 = Debug|Win32
		{E82196E3-467E-47BD-BEEF-B8F8EE7C11B8}.Release|x64.ActiveCfg = Release|x64
		{E82196E3-467E-47BD-BEEF-B8F8EE7C11B8}.Release|x64.Build.0 = Release|x64
		{E82196E3-467E-47BD-BEEF-B8F8EE7C11B8}.Release|x86.ActiveCfg = Release|Win32
		{E82196E3-467E-47BD-BEEF-B8F8EE7C11B8}.Release|x86.Build.0 = Release|Win32
	EndGlobalSection
	GlobalSection(SolutionProperties) = preSolution
		HideSolutionNode = FALSE
	EndGlobalSection
	GlobalSection(ExtensibilityGlobals) = postSolution
		SolutionGuid = {E7D0A49A-4F95-4E4D-A483-F8032DE96532}
	EndGlobalSection
EndGlobal
